// !$*UTF8*$!
{
	archiveVersion = 1;
	classes = {
	};
	objectVersion = 56;
	objects = {

/* Begin PBXBuildFile section */
		133ED11A29A09A5E00ED03FE /* FeaderApp.swift in Sources */ = {isa = PBXBuildFile; fileRef = 133ED11929A09A5E00ED03FE /* FeaderApp.swift */; };
		133ED11C29A09A5E00ED03FE /* ContentView.swift in Sources */ = {isa = PBXBuildFile; fileRef = 133ED11B29A09A5E00ED03FE /* ContentView.swift */; };
		133ED11E29A09A6000ED03FE /* Assets.xcassets in Resources */ = {isa = PBXBuildFile; fileRef = 133ED11D29A09A6000ED03FE /* Assets.xcassets */; };
		133ED12129A09A6000ED03FE /* Preview Assets.xcassets in Resources */ = {isa = PBXBuildFile; fileRef = 133ED12029A09A6000ED03FE /* Preview Assets.xcassets */; };
		133ED12B29A09A6100ED03FE /* FeaderTests.swift in Sources */ = {isa = PBXBuildFile; fileRef = 133ED12A29A09A6100ED03FE /* FeaderTests.swift */; };
		133ED13529A09A6100ED03FE /* FeaderUITests.swift in Sources */ = {isa = PBXBuildFile; fileRef = 133ED13429A09A6100ED03FE /* FeaderUITests.swift */; };
		133ED13729A09A6100ED03FE /* FeaderUITestsLaunchTests.swift in Sources */ = {isa = PBXBuildFile; fileRef = 133ED13629A09A6100ED03FE /* FeaderUITestsLaunchTests.swift */; };
		133ED15029A0C8C000ED03FE /* WebView.swift in Sources */ = {isa = PBXBuildFile; fileRef = 133ED14F29A0C8C000ED03FE /* WebView.swift */; };
/* End PBXBuildFile section */

/* Begin PBXContainerItemProxy section */
		133ED12729A09A6100ED03FE /* PBXContainerItemProxy */ = {
			isa = PBXContainerItemProxy;
			containerPortal = 133ED10E29A09A5D00ED03FE /* Project object */;
			proxyType = 1;
			remoteGlobalIDString = 133ED11529A09A5E00ED03FE;
			remoteInfo = Feader;
		};
		133ED13129A09A6100ED03FE /* PBXContainerItemProxy */ = {
			isa = PBXContainerItemProxy;
			containerPortal = 133ED10E29A09A5D00ED03FE /* Project object */;
			proxyType = 1;
			remoteGlobalIDString = 133ED11529A09A5E00ED03FE;
			remoteInfo = Feader;
		};
/* End PBXContainerItemProxy section */

/* Begin PBXFileReference section */
		133ED11629A09A5E00ED03FE /* Feader.app */ = {isa = PBXFileReference; explicitFileType = wrapper.application; includeInIndex = 0; path = Feader.app; sourceTree = BUILT_PRODUCTS_DIR; };
		133ED11929A09A5E00ED03FE /* FeaderApp.swift */ = {isa = PBXFileReference; lastKnownFileType = sourcecode.swift; path = FeaderApp.swift; sourceTree = "<group>"; };
		133ED11B29A09A5E00ED03FE /* ContentView.swift */ = {isa = PBXFileReference; lastKnownFileType = sourcecode.swift; path = ContentView.swift; sourceTree = "<group>"; };
		133ED11D29A09A6000ED03FE /* Assets.xcassets */ = {isa = PBXFileReference; lastKnownFileType = folder.assetcatalog; path = Assets.xcassets; sourceTree = "<group>"; };
		133ED12029A09A6000ED03FE /* Preview Assets.xcassets */ = {isa = PBXFileReference; lastKnownFileType = folder.assetcatalog; path = "Preview Assets.xcassets"; sourceTree = "<group>"; };
		133ED12629A09A6100ED03FE /* FeaderTests.xctest */ = {isa = PBXFileReference; explicitFileType = wrapper.cfbundle; includeInIndex = 0; path = FeaderTests.xctest; sourceTree = BUILT_PRODUCTS_DIR; };
		133ED12A29A09A6100ED03FE /* FeaderTests.swift */ = {isa = PBXFileReference; lastKnownFileType = sourcecode.swift; path = FeaderTests.swift; sourceTree = "<group>"; };
		133ED13029A09A6100ED03FE /* FeaderUITests.xctest */ = {isa = PBXFileReference; explicitFileType = wrapper.cfbundle; includeInIndex = 0; path = FeaderUITests.xctest; sourceTree = BUILT_PRODUCTS_DIR; };
		133ED13429A09A6100ED03FE /* FeaderUITests.swift */ = {isa = PBXFileReference; lastKnownFileType = sourcecode.swift; path = FeaderUITests.swift; sourceTree = "<group>"; };
		133ED13629A09A6100ED03FE /* FeaderUITestsLaunchTests.swift */ = {isa = PBXFileReference; lastKnownFileType = sourcecode.swift; path = FeaderUITestsLaunchTests.swift; sourceTree = "<group>"; };
		133ED14F29A0C8C000ED03FE /* WebView.swift */ = {isa = PBXFileReference; lastKnownFileType = sourcecode.swift; path = WebView.swift; sourceTree = "<group>"; };
/* End PBXFileReference section */

/* Begin PBXFrameworksBuildPhase section */
		133ED11329A09A5E00ED03FE /* Frameworks */ = {
			isa = PBXFrameworksBuildPhase;
			buildActionMask = 2147483647;
			files = (
			);
			runOnlyForDeploymentPostprocessing = 0;
		};
		133ED12329A09A6100ED03FE /* Frameworks */ = {
			isa = PBXFrameworksBuildPhase;
			buildActionMask = 2147483647;
			files = (
			);
			runOnlyForDeploymentPostprocessing = 0;
		};
		133ED12D29A09A6100ED03FE /* Frameworks */ = {
			isa = PBXFrameworksBuildPhase;
			buildActionMask = 2147483647;
			files = (
			);
			runOnlyForDeploymentPostprocessing = 0;
		};
/* End PBXFrameworksBuildPhase section */

/* Begin PBXGroup section */
		133ED10D29A09A5D00ED03FE = {
			isa = PBXGroup;
			children = (
				133ED11829A09A5E00ED03FE /* Feader */,
				133ED12929A09A6100ED03FE /* FeaderTests */,
				133ED13329A09A6100ED03FE /* FeaderUITests */,
				133ED11729A09A5E00ED03FE /* Products */,
			);
			sourceTree = "<group>";
		};
		133ED11729A09A5E00ED03FE /* Products */ = {
			isa = PBXGroup;
			children = (
				133ED11629A09A5E00ED03FE /* Feader.app */,
				133ED12629A09A6100ED03FE /* FeaderTests.xctest */,
				133ED13029A09A6100ED03FE /* FeaderUITests.xctest */,
			);
			name = Products;
			sourceTree = "<group>";
		};
		133ED11829A09A5E00ED03FE /* Feader */ = {
			isa = PBXGroup;
			children = (
				133ED11929A09A5E00ED03FE /* FeaderApp.swift */,
				133ED11B29A09A5E00ED03FE /* ContentView.swift */,
				133ED14F29A0C8C000ED03FE /* WebView.swift */,
				133ED11D29A09A6000ED03FE /* Assets.xcassets */,
				133ED11F29A09A6000ED03FE /* Preview Content */,
			);
			path = Feader;
			sourceTree = "<group>";
		};
		133ED11F29A09A6000ED03FE /* Preview Content */ = {
			isa = PBXGroup;
			children = (
				133ED12029A09A6000ED03FE /* Preview Assets.xcassets */,
			);
			path = "Preview Content";
			sourceTree = "<group>";
		};
		133ED12929A09A6100ED03FE /* FeaderTests */ = {
			isa = PBXGroup;
			children = (
				133ED12A29A09A6100ED03FE /* FeaderTests.swift */,
			);
			path = FeaderTests;
			sourceTree = "<group>";
		};
		133ED13329A09A6100ED03FE /* FeaderUITests */ = {
			isa = PBXGroup;
			children = (
				133ED13429A09A6100ED03FE /* FeaderUITests.swift */,
				133ED13629A09A6100ED03FE /* FeaderUITestsLaunchTests.swift */,
			);
			path = FeaderUITests;
			sourceTree = "<group>";
		};
/* End PBXGroup section */

/* Begin PBXNativeTarget section */
		133ED11529A09A5E00ED03FE /* Feader */ = {
			isa = PBXNativeTarget;
			buildConfigurationList = 133ED13A29A09A6100ED03FE /* Build configuration list for PBXNativeTarget "Feader" */;
			buildPhases = (
				133ED11229A09A5E00ED03FE /* Sources */,
				133ED11329A09A5E00ED03FE /* Frameworks */,
				133ED11429A09A5E00ED03FE /* Resources */,
			);
			buildRules = (
			);
			dependencies = (
			);
			name = Feader;
			productName = Feader;
			productReference = 133ED11629A09A5E00ED03FE /* Feader.app */;
			productType = "com.apple.product-type.application";
		};
		133ED12529A09A6100ED03FE /* FeaderTests */ = {
			isa = PBXNativeTarget;
			buildConfigurationList = 133ED13D29A09A6100ED03FE /* Build configuration list for PBXNativeTarget "FeaderTests" */;
			buildPhases = (
				133ED12229A09A6100ED03FE /* Sources */,
				133ED12329A09A6100ED03FE /* Frameworks */,
				133ED12429A09A6100ED03FE /* Resources */,
			);
			buildRules = (
			);
			dependencies = (
				133ED12829A09A6100ED03FE /* PBXTargetDependency */,
			);
			name = FeaderTests;
			productName = FeaderTests;
			productReference = 133ED12629A09A6100ED03FE /* FeaderTests.xctest */;
			productType = "com.apple.product-type.bundle.unit-test";
		};
		133ED12F29A09A6100ED03FE /* FeaderUITests */ = {
			isa = PBXNativeTarget;
			buildConfigurationList = 133ED14029A09A6100ED03FE /* Build configuration list for PBXNativeTarget "FeaderUITests" */;
			buildPhases = (
				133ED12C29A09A6100ED03FE /* Sources */,
				133ED12D29A09A6100ED03FE /* Frameworks */,
				133ED12E29A09A6100ED03FE /* Resources */,
			);
			buildRules = (
			);
			dependencies = (
				133ED13229A09A6100ED03FE /* PBXTargetDependency */,
			);
			name = FeaderUITests;
			productName = FeaderUITests;
			productReference = 133ED13029A09A6100ED03FE /* FeaderUITests.xctest */;
			productType = "com.apple.product-type.bundle.ui-testing";
		};
/* End PBXNativeTarget section */

/* Begin PBXProject section */
		133ED10E29A09A5D00ED03FE /* Project object */ = {
			isa = PBXProject;
			attributes = {
				BuildIndependentTargetsInParallel = 1;
				LastSwiftUpdateCheck = 1420;
				LastUpgradeCheck = 1420;
				TargetAttributes = {
					133ED11529A09A5E00ED03FE = {
						CreatedOnToolsVersion = 14.2;
					};
					133ED12529A09A6100ED03FE = {
						CreatedOnToolsVersion = 14.2;
						TestTargetID = 133ED11529A09A5E00ED03FE;
					};
					133ED12F29A09A6100ED03FE = {
						CreatedOnToolsVersion = 14.2;
						TestTargetID = 133ED11529A09A5E00ED03FE;
					};
				};
			};
			buildConfigurationList = 133ED11129A09A5D00ED03FE /* Build configuration list for PBXProject "Feader" */;
			compatibilityVersion = "Xcode 14.0";
			developmentRegion = en;
			hasScannedForEncodings = 0;
			knownRegions = (
				en,
				Base,
			);
			mainGroup = 133ED10D29A09A5D00ED03FE;
			productRefGroup = 133ED11729A09A5E00ED03FE /* Products */;
			projectDirPath = "";
			projectRoot = "";
			targets = (
				133ED11529A09A5E00ED03FE /* Feader */,
				133ED12529A09A6100ED03FE /* FeaderTests */,
				133ED12F29A09A6100ED03FE /* FeaderUITests */,
			);
		};
/* End PBXProject section */

/* Begin PBXResourcesBuildPhase section */
		133ED11429A09A5E00ED03FE /* Resources */ = {
			isa = PBXResourcesBuildPhase;
			buildActionMask = 2147483647;
			files = (
				133ED12129A09A6000ED03FE /* Preview Assets.xcassets in Resources */,
				133ED11E29A09A6000ED03FE /* Assets.xcassets in Resources */,
			);
			runOnlyForDeploymentPostprocessing = 0;
		};
		133ED12429A09A6100ED03FE /* Resources */ = {
			isa = PBXResourcesBuildPhase;
			buildActionMask = 2147483647;
			files = (
			);
			runOnlyForDeploymentPostprocessing = 0;
		};
		133ED12E29A09A6100ED03FE /* Resources */ = {
			isa = PBXResourcesBuildPhase;
			buildActionMask = 2147483647;
			files = (
			);
			runOnlyForDeploymentPostprocessing = 0;
		};
/* End PBXResourcesBuildPhase section */

/* Begin PBXSourcesBuildPhase section */
		133ED11229A09A5E00ED03FE /* Sources */ = {
			isa = PBXSourcesBuildPhase;
			buildActionMask = 2147483647;
			files = (
				133ED15029A0C8C000ED03FE /* WebView.swift in Sources */,
				133ED11C29A09A5E00ED03FE /* ContentView.swift in Sources */,
				133ED11A29A09A5E00ED03FE /* FeaderApp.swift in Sources */,
			);
			runOnlyForDeploymentPostprocessing = 0;
		};
		133ED12229A09A6100ED03FE /* Sources */ = {
			isa = PBXSourcesBuildPhase;
			buildActionMask = 2147483647;
			files = (
				133ED12B29A09A6100ED03FE /* FeaderTests.swift in Sources */,
			);
			runOnlyForDeploymentPostprocessing = 0;
		};
		133ED12C29A09A6100ED03FE /* Sources */ = {
			isa = PBXSourcesBuildPhase;
			buildActionMask = 2147483647;
			files = (
				133ED13729A09A6100ED03FE /* FeaderUITestsLaunchTests.swift in Sources */,
				133ED13529A09A6100ED03FE /* FeaderUITests.swift in Sources */,
			);
			runOnlyForDeploymentPostprocessing = 0;
		};
/* End PBXSourcesBuildPhase section */

/* Begin PBXTargetDependency section */
		133ED12829A09A6100ED03FE /* PBXTargetDependency */ = {
			isa = PBXTargetDependency;
			target = 133ED11529A09A5E00ED03FE /* Feader */;
			targetProxy = 133ED12729A09A6100ED03FE /* PBXContainerItemProxy */;
		};
		133ED13229A09A6100ED03FE /* PBXTargetDependency */ = {
			isa = PBXTargetDependency;
			target = 133ED11529A09A5E00ED03FE /* Feader */;
			targetProxy = 133ED13129A09A6100ED03FE /* PBXContainerItemProxy */;
		};
/* End PBXTargetDependency section */

/* Begin XCBuildConfiguration section */
		133ED13829A09A6100ED03FE /* Debug */ = {
			isa = XCBuildConfiguration;
			buildSettings = {
				ALWAYS_SEARCH_USER_PATHS = NO;
				CLANG_ANALYZER_NONNULL = YES;
				CLANG_ANALYZER_NUMBER_OBJECT_CONVERSION = YES_AGGRESSIVE;
				CLANG_CXX_LANGUAGE_STANDARD = "gnu++20";
				CLANG_ENABLE_MODULES = YES;
				CLANG_ENABLE_OBJC_ARC = YES;
				CLANG_ENABLE_OBJC_WEAK = YES;
				CLANG_WARN_BLOCK_CAPTURE_AUTORELEASING = YES;
				CLANG_WARN_BOOL_CONVERSION = YES;
				CLANG_WARN_COMMA = YES;
				CLANG_WARN_CONSTANT_CONVERSION = YES;
				CLANG_WARN_DEPRECATED_OBJC_IMPLEMENTATIONS = YES;
				CLANG_WARN_DIRECT_OBJC_ISA_USAGE = YES_ERROR;
				CLANG_WARN_DOCUMENTATION_COMMENTS = YES;
				CLANG_WARN_EMPTY_BODY = YES;
				CLANG_WARN_ENUM_CONVERSION = YES;
				CLANG_WARN_INFINITE_RECURSION = YES;
				CLANG_WARN_INT_CONVERSION = YES;
				CLANG_WARN_NON_LITERAL_NULL_CONVERSION = YES;
				CLANG_WARN_OBJC_IMPLICIT_RETAIN_SELF = YES;
				CLANG_WARN_OBJC_LITERAL_CONVERSION = YES;
				CLANG_WARN_OBJC_ROOT_CLASS = YES_ERROR;
				CLANG_WARN_QUOTED_INCLUDE_IN_FRAMEWORK_HEADER = YES;
				CLANG_WARN_RANGE_LOOP_ANALYSIS = YES;
				CLANG_WARN_STRICT_PROTOTYPES = YES;
				CLANG_WARN_SUSPICIOUS_MOVE = YES;
				CLANG_WARN_UNGUARDED_AVAILABILITY = YES_AGGRESSIVE;
				CLANG_WARN_UNREACHABLE_CODE = YES;
				CLANG_WARN__DUPLICATE_METHOD_MATCH = YES;
				COPY_PHASE_STRIP = NO;
				DEBUG_INFORMATION_FORMAT = dwarf;
				ENABLE_STRICT_OBJC_MSGSEND = YES;
				ENABLE_TESTABILITY = YES;
				GCC_C_LANGUAGE_STANDARD = gnu11;
				GCC_DYNAMIC_NO_PIC = NO;
				GCC_NO_COMMON_BLOCKS = YES;
				GCC_OPTIMIZATION_LEVEL = 0;
				GCC_PREPROCESSOR_DEFINITIONS = (
					"DEBUG=1",
					"$(inherited)",
				);
				GCC_WARN_64_TO_32_BIT_CONVERSION = YES;
				GCC_WARN_ABOUT_RETURN_TYPE = YES_ERROR;
				GCC_WARN_UNDECLARED_SELECTOR = YES;
				GCC_WARN_UNINITIALIZED_AUTOS = YES_AGGRESSIVE;
				GCC_WARN_UNUSED_FUNCTION = YES;
				GCC_WARN_UNUSED_VARIABLE = YES;
				IPHONEOS_DEPLOYMENT_TARGET = 16.2;
				MTL_ENABLE_DEBUG_INFO = INCLUDE_SOURCE;
				MTL_FAST_MATH = YES;
				ONLY_ACTIVE_ARCH = YES;
				SDKROOT = iphoneos;
				SWIFT_ACTIVE_COMPILATION_CONDITIONS = DEBUG;
				SWIFT_OPTIMIZATION_LEVEL = "-Onone";
			};
			name = Debug;
		};
		133ED13929A09A6100ED03FE /* Release */ = {
			isa = XCBuildConfiguration;
			buildSettings = {
				ALWAYS_SEARCH_USER_PATHS = NO;
				CLANG_ANALYZER_NONNULL = YES;
				CLANG_ANALYZER_NUMBER_OBJECT_CONVERSION = YES_AGGRESSIVE;
				CLANG_CXX_LANGUAGE_STANDARD = "gnu++20";
				CLANG_ENABLE_MODULES = YES;
				CLANG_ENABLE_OBJC_ARC = YES;
				CLANG_ENABLE_OBJC_WEAK = YES;
				CLANG_WARN_BLOCK_CAPTURE_AUTORELEASING = YES;
				CLANG_WARN_BOOL_CONVERSION = YES;
				CLANG_WARN_COMMA = YES;
				CLANG_WARN_CONSTANT_CONVERSION = YES;
				CLANG_WARN_DEPRECATED_OBJC_IMPLEMENTATIONS = YES;
				CLANG_WARN_DIRECT_OBJC_ISA_USAGE = YES_ERROR;
				CLANG_WARN_DOCUMENTATION_COMMENTS = YES;
				CLANG_WARN_EMPTY_BODY = YES;
				CLANG_WARN_ENUM_CONVERSION = YES;
				CLANG_WARN_INFINITE_RECURSION = YES;
				CLANG_WARN_INT_CONVERSION = YES;
				CLANG_WARN_NON_LITERAL_NULL_CONVERSION = YES;
				CLANG_WARN_OBJC_IMPLICIT_RETAIN_SELF = YES;
				CLANG_WARN_OBJC_LITERAL_CONVERSION = YES;
				CLANG_WARN_OBJC_ROOT_CLASS = YES_ERROR;
				CLANG_WARN_QUOTED_INCLUDE_IN_FRAMEWORK_HEADER = YES;
				CLANG_WARN_RANGE_LOOP_ANALYSIS = YES;
				CLANG_WARN_STRICT_PROTOTYPES = YES;
				CLANG_WARN_SUSPICIOUS_MOVE = YES;
				CLANG_WARN_UNGUARDED_AVAILABILITY = YES_AGGRESSIVE;
				CLANG_WARN_UNREACHABLE_CODE = YES;
				CLANG_WARN__DUPLICATE_METHOD_MATCH = YES;
				COPY_PHASE_STRIP = NO;
				DEBUG_INFORMATION_FORMAT = "dwarf-with-dsym";
				ENABLE_NS_ASSERTIONS = NO;
				ENABLE_STRICT_OBJC_MSGSEND = YES;
				GCC_C_LANGUAGE_STANDARD = gnu11;
				GCC_NO_COMMON_BLOCKS = YES;
				GCC_WARN_64_TO_32_BIT_CONVERSION = YES;
				GCC_WARN_ABOUT_RETURN_TYPE = YES_ERROR;
				GCC_WARN_UNDECLARED_SELECTOR = YES;
				GCC_WARN_UNINITIALIZED_AUTOS = YES_AGGRESSIVE;
				GCC_WARN_UNUSED_FUNCTION = YES;
				GCC_WARN_UNUSED_VARIABLE = YES;
				IPHONEOS_DEPLOYMENT_TARGET = 16.2;
				MTL_ENABLE_DEBUG_INFO = NO;
				MTL_FAST_MATH = YES;
				SDKROOT = iphoneos;
				SWIFT_COMPILATION_MODE = wholemodule;
				SWIFT_OPTIMIZATION_LEVEL = "-O";
				VALIDATE_PRODUCT = YES;
			};
			name = Release;
		};
		133ED13B29A09A6100ED03FE /* Debug */ = {
			isa = XCBuildConfiguration;
			buildSettings = {
				ASSETCATALOG_COMPILER_APPICON_NAME = AppIcon;
				ASSETCATALOG_COMPILER_GLOBAL_ACCENT_COLOR_NAME = AccentColor;
				CODE_SIGN_STYLE = Automatic;
				CURRENT_PROJECT_VERSION = 1;
				DEVELOPMENT_ASSET_PATHS = "\"Feader/Preview Content\"";
				ENABLE_PREVIEWS = YES;
				GENERATE_INFOPLIST_FILE = YES;
				INFOPLIST_KEY_UIApplicationSceneManifest_Generation = YES;
				INFOPLIST_KEY_UIApplicationSupportsIndirectInputEvents = YES;
				INFOPLIST_KEY_UILaunchScreen_Generation = YES;
				INFOPLIST_KEY_UISupportedInterfaceOrientations_iPad = "UIInterfaceOrientationPortrait UIInterfaceOrientationPortraitUpsideDown UIInterfaceOrientationLandscapeLeft UIInterfaceOrientationLandscapeRight";
				INFOPLIST_KEY_UISupportedInterfaceOrientations_iPhone = "UIInterfaceOrientationPortrait UIInterfaceOrientationLandscapeLeft UIInterfaceOrientationLandscapeRight";
				LD_RUNPATH_SEARCH_PATHS = (
					"$(inherited)",
					"@executable_path/Frameworks",
				);
				MARKETING_VERSION = 1.0;
				PRODUCT_BUNDLE_IDENTIFIER = net.fiahfy.Feader;
				PRODUCT_NAME = "$(TARGET_NAME)";
				SWIFT_EMIT_LOC_STRINGS = YES;
				SWIFT_VERSION = 5.0;
				TARGETED_DEVICE_FAMILY = "1,2";
			};
			name = Debug;
		};
		133ED13C29A09A6100ED03FE /* Release */ = {
			isa = XCBuildConfiguration;
			buildSettings = {
				ASSETCATALOG_COMPILER_APPICON_NAME = AppIcon;
				ASSETCATALOG_COMPILER_GLOBAL_ACCENT_COLOR_NAME = AccentColor;
				CODE_SIGN_STYLE = Automatic;
				CURRENT_PROJECT_VERSION = 1;
				DEVELOPMENT_ASSET_PATHS = "\"Feader/Preview Content\"";
				ENABLE_PREVIEWS = YES;
				GENERATE_INFOPLIST_FILE = YES;
				INFOPLIST_KEY_UIApplicationSceneManifest_Generation = YES;
				INFOPLIST_KEY_UIApplicationSupportsIndirectInputEvents = YES;
				INFOPLIST_KEY_UILaunchScreen_Generation = YES;
				INFOPLIST_KEY_UISupportedInterfaceOrientations_iPad = "UIInterfaceOrientationPortrait UIInterfaceOrientationPortraitUpsideDown UIInterfaceOrientationLandscapeLeft UIInterfaceOrientationLandscapeRight";
				INFOPLIST_KEY_UISupportedInterfaceOrientations_iPhone = "UIInterfaceOrientationPortrait UIInterfaceOrientationLandscapeLeft UIInterfaceOrientationLandscapeRight";
				LD_RUNPATH_SEARCH_PATHS = (
					"$(inherited)",
					"@executable_path/Frameworks",
				);
				MARKETING_VERSION = 1.0;
				PRODUCT_BUNDLE_IDENTIFIER = net.fiahfy.Feader;
				PRODUCT_NAME = "$(TARGET_NAME)";
				SWIFT_EMIT_LOC_STRINGS = YES;
				SWIFT_VERSION = 5.0;
				TARGETED_DEVICE_FAMILY = "1,2";
			};
			name = Release;
		};
		133ED13E29A09A6100ED03FE /* Debug */ = {
			isa = XCBuildConfiguration;
			buildSettings = {
				ALWAYS_EMBED_SWIFT_STANDARD_LIBRARIES = YES;
				BUNDLE_LOADER = "$(TEST_HOST)";
				CODE_SIGN_STYLE = Automatic;
				CURRENT_PROJECT_VERSION = 1;
				GENERATE_INFOPLIST_FILE = YES;
				IPHONEOS_DEPLOYMENT_TARGET = 16.2;
				MARKETING_VERSION = 1.0;
				PRODUCT_BUNDLE_IDENTIFIER = net.fiahfy.FeaderTests;
				PRODUCT_NAME = "$(TARGET_NAME)";
				SWIFT_EMIT_LOC_STRINGS = NO;
				SWIFT_VERSION = 5.0;
				TARGETED_DEVICE_FAMILY = "1,2";
				TEST_HOST = "$(BUILT_PRODUCTS_DIR)/Feader.app/$(BUNDLE_EXECUTABLE_FOLDER_PATH)/Feader";
			};
			name = Debug;
		};
		133ED13F29A09A6100ED03FE /* Release */ = {
			isa = XCBuildConfiguration;
			buildSettings = {
				ALWAYS_EMBED_SWIFT_STANDARD_LIBRARIES = YES;
				BUNDLE_LOADER = "$(TEST_HOST)";
				CODE_SIGN_STYLE = Automatic;
				CURRENT_PROJECT_VERSION = 1;
				GENERATE_INFOPLIST_FILE = YES;
				IPHONEOS_DEPLOYMENT_TARGET = 16.2;
				MARKETING_VERSION = 1.0;
				PRODUCT_BUNDLE_IDENTIFIER = net.fiahfy.FeaderTests;
				PRODUCT_NAME = "$(TARGET_NAME)";
				SWIFT_EMIT_LOC_STRINGS = NO;
				SWIFT_VERSION = 5.0;
				TARGETED_DEVICE_FAMILY = "1,2";
				TEST_HOST = "$(BUILT_PRODUCTS_DIR)/Feader.app/$(BUNDLE_EXECUTABLE_FOLDER_PATH)/Feader";
			};
			name = Release;
		};
		133ED14129A09A6100ED03FE /* Debug */ = {
			isa = XCBuildConfiguration;
			buildSettings = {
				ALWAYS_EMBED_SWIFT_STANDARD_LIBRARIES = YES;
				CODE_SIGN_STYLE = Automatic;
				CURRENT_PROJECT_VERSION = 1;
				GENERATE_INFOPLIST_FILE = YES;
				MARKETING_VERSION = 1.0;
				PRODUCT_BUNDLE_IDENTIFIER = net.fiahfy.FeaderUITests;
				PRODUCT_NAME = "$(TARGET_NAME)";
				SWIFT_EMIT_LOC_STRINGS = NO;
				SWIFT_VERSION = 5.0;
				TARGETED_DEVICE_FAMILY = "1,2";
				TEST_TARGET_NAME = Feader;
			};
			name = Debug;
		};
		133ED14229A09A6100ED03FE /* Release */ = {
			isa = XCBuildConfiguration;
			buildSettings = {
				ALWAYS_EMBED_SWIFT_STANDARD_LIBRARIES = YES;
				CODE_SIGN_STYLE = Automatic;
				CURRENT_PROJECT_VERSION = 1;
				GENERATE_INFOPLIST_FILE = YES;
				MARKETING_VERSION = 1.0;
				PRODUCT_BUNDLE_IDENTIFIER = net.fiahfy.FeaderUITests;
				PRODUCT_NAME = "$(TARGET_NAME)";
				SWIFT_EMIT_LOC_STRINGS = NO;
				SWIFT_VERSION = 5.0;
				TARGETED_DEVICE_FAMILY = "1,2";
				TEST_TARGET_NAME = Feader;
			};
			name = Release;
		};
/* End XCBuildConfiguration section */

/* Begin XCConfigurationList section */
		133ED11129A09A5D00ED03FE /* Build configuration list for PBXProject "Feader" */ = {
			isa = XCConfigurationList;
			buildConfigurations = (
				133ED13829A09A6100ED03FE /* Debug */,
				133ED13929A09A6100ED03FE /* Release */,
			);
			defaultConfigurationIsVisible = 0;
			defaultConfigurationName = Release;
		};
		133ED13A29A09A6100ED03FE /* Build configuration list for PBXNativeTarget "Feader" */ = {
			isa = XCConfigurationList;
			buildConfigurations = (
				133ED13B29A09A6100ED03FE /* Debug */,
				133ED13C29A09A6100ED03FE /* Release */,
			);
			defaultConfigurationIsVisible = 0;
			defaultConfigurationName = Release;
		};
		133ED13D29A09A6100ED03FE /* Build configuration list for PBXNativeTarget "FeaderTests" */ = {
			isa = XCConfigurationList;
			buildConfigurations = (
				133ED13E29A09A6100ED03FE /* Debug */,
				133ED13F29A09A6100ED03FE /* Release */,
			);
			defaultConfigurationIsVisible = 0;
			defaultConfigurationName = Release;
		};
		133ED14029A09A6100ED03FE /* Build configuration list for PBXNativeTarget "FeaderUITests" */ = {
			isa = XCConfigurationList;
			buildConfigurations = (
				133ED14129A09A6100ED03FE /* Debug */,
				133ED14229A09A6100ED03FE /* Release */,
			);
			defaultConfigurationIsVisible = 0;
			defaultConfigurationName = Release;
		};
/* End XCConfigurationList section */
	};
	rootObject = 133ED10E29A09A5D00ED03FE /* Project object */;
}
